{
  "nodes": {
    "firewalleye": {
      "flake": false,
      "locked": {
        "lastModified": 1781925225,
        "narHash": "sha256-A3CjZQDvF2shGmHvb8jIuHIZ01ugoN90Xv2+ajbTNDg=",
        "owner": "cazier",
        "repo": "firewalleye",
        "rev": "85d558e90a9fbd6bf745e78404fc96c6833e2c3d",
        "type": "github"
      },
      "original": {
        "owner": "cazier",
        "ref": "v0.5.0",
        "repo": "firewalleye",
        "type": "github"
      }
    },
    "home-manager": {
      "inputs": {
        "nixpkgs": [
          "nixpkgs"
        ]
      },
      "locked": {
        "lastModified": 1781981105,
        "narHash": "sha256-/1nNBbA7PrSQpTc9Qazkhl4kIPg+TNl0CjxS3UQJKlw=",
        "owner": "nix-community",
        "repo": "home-manager",
        "rev": "7bfff44b465909f69a442701293bc0badcf476dc",
        "type": "github"
      },
      "original": {
        "owner": "nix-community",
        "ref": "release-26.05",
        "repo": "home-manager",
        "type": "github"
      }
    },
    "nixpkgs": {
      "locked": {
        "lastModified": 1782541105,
        "narHash": "sha256-C/A3fGN6B9a9ubDClaCisnK4ZC8j75G4dlp3lDqzlDQ=",
        "rev": "03c70205a3832ceafd1789266f9ecf93f0a85d40",
        "type": "tarball",
        "url": "https://releases.nixos.org/nixos/26.05-small/nixos-26.05.3498.03c70205a383/nixexprs.tar.xz"
      },
      "original": {
        "id": "nixpkgs",
        "ref": "nixos-26.05-small",
        "type": "indirect"
      }
    },
    "root": {
      "inputs": {
        "firewalleye": "firewalleye",
        "home-manager": "home-manager",
        "nixpkgs": "nixpkgs",
        "sops-nix": "sops-nix"
      }
    },
    "sops-nix": {
      "inputs": {
        "nixpkgs": [
          "nixpkgs"
        ]
      },
      "locked": {
        "lastModified": 1788337237,
        "narHash": "sha256-gkSH8VUtCo6hnysNmb9DbTuDepH2t5pv+QWjP75xKAk=",
        "owner": "Mic92",
        "repo": "sops-nix",
        "rev": "fbf759290e0cb0a98dfc813a4eb7d53ad1dacb57",
        "type": "github"
      },
      "original": {
        "owner": "Mic92",
        "repo": "sops-nix",
        "type": "github"
      }
    }
  },
  "root": "root",
  "version": 7
}
